{
    "_meta": {
        "hash": {
            "sha256": "a3ee713ee54345c1419466a004464aa5b1fa4fc85e73b0b7840f81edd3207477"
        },
        "pipfile-spec": 6,
        "requires": {
            "python_version": "3.12"
        },
        "sources": [
            {
                "name": "pypi",
                "url": "https://pypi.org/simple",
                "verify_ssl": true
            }
        ]
    },
    "default": {
        "blessed": {
            "hashes": [
                "sha256:0c542922586a265e699188e52d5f5ac5ec0dd517e5a1041d90d2bbf23f906058",
                "sha256:2cdd67f8746e048f00df47a2880f4d6acbcdb399031b604e34ba8f71d5787680"
            ],
            "markers": "python_version >= '2.7'",
            "version": "==1.20.0"
        },
        "boto3": {
            "hashes": [
                "sha256:0a580de3d25364da5db26ecc7dde9438ee1be1e529a7c04cc96972b6e2258378",
                "sha256:67f5a6d6e6eff9c15711c265173b53eb4ad8d05b756b76ef33ac792cea7958f6"
            ],
            "index": "pypi",
            "markers": "python_version >= '3.8'",
            "version": "==1.34.115"
        },
        "botocore": {
            "hashes": [
                "sha256:15b8ad1ee0e9cd57884fb0bcaf3a9551d2552e44a02c2ffb55ec583eebdb888e",
                "sha256:a5d5e28b9c847b17a1ecb7660b46b83d9512b125f671e03e93d14bf6f0b274c2"
            ],
            "markers": "python_version >= '3.8'",
            "version": "==1.34.115"
        },
        "bpython": {
            "hashes": [
                "sha256:0d196ae3d1ce3dcd559a3fb89ed2c468dfbd1504af0d680b906dd65a9c7a32eb",
                "sha256:98736ffd7a8c48fd2bfb53d898a475f4241bde0b672125706af04d9d08fd3dbd"
            ],
            "index": "pypi",
            "markers": "python_version >= '3.7'",
            "version": "==0.24"
        },
        "cachetools": {
            "hashes": [
                "sha256:0abad1021d3f8325b2fc1d2e9c8b9c9d57b04c3932657a72465447332c24d945",
                "sha256:ba29e2dfa0b8b556606f097407ed1aa62080ee108ab0dc5ec9d6a723a007d105"
            ],
            "markers": "python_version >= '3.7'",
            "version": "==5.3.3"
        },
        "certifi": {
            "hashes": [
                "sha256:0569859f95fc761b18b45ef421b1290a0f65f147e92a1e5eb3e635f9a5e4e66f",
                "sha256:dc383c07b76109f368f6106eee2b593b04a011ea4d55f652c6ca24a754d1cdd1"
            ],
            "markers": "python_version >= '3.6'",
            "version": "==2024.2.2"
        },
        "charset-normalizer": {
            "hashes": [
                "sha256:06435b539f889b1f6f4ac1758871aae42dc3a8c0e24ac9e60c2384973ad73027",
                "sha256:06a81e93cd441c56a9b65d8e1d043daeb97a3d0856d177d5c90ba85acb3db087",
                "sha256:0a55554a2fa0d408816b3b5cedf0045f4b8e1a6065aec45849de2d6f3f8e9786",
                "sha256:0b2b64d2bb6d3fb9112bafa732def486049e63de9618b5843bcdd081d8144cd8",
                "sha256:10955842570876604d404661fbccbc9c7e684caf432c09c715ec38fbae45ae09",
                "sha256:122c7fa62b130ed55f8f285bfd56d5f4b4a5b503609d181f9ad85e55c89f4185",
                "sha256:1ceae2f17a9c33cb48e3263960dc5fc8005351ee19db217e9b1bb15d28c02574",
                "sha256:1d3193f4a680c64b4b6a9115943538edb896edc190f0b222e73761716519268e",
                "sha256:1f79682fbe303db92bc2b1136016a38a42e835d932bab5b3b1bfcfbf0640e519",
                "sha256:2127566c664442652f024c837091890cb1942c30937add288223dc895793f898",
                "sha256:22afcb9f253dac0696b5a4be4a1c0f8762f8239e21b99680099abd9b2b1b2269",
                "sha256:25baf083bf6f6b341f4121c2f3c548875ee6f5339300e08be3f2b2ba1721cdd3",
                "sha256:2e81c7b9c8979ce92ed306c249d46894776a909505d8f5a4ba55b14206e3222f",
                "sha256:3287761bc4ee9e33561a7e058c72ac0938c4f57fe49a09eae428fd88aafe7bb6",
                "sha256:34d1c8da1e78d2e001f363791c98a272bb734000fcef47a491c1e3b0505657a8",
                "sha256:37e55c8e51c236f95b033f6fb391d7d7970ba5fe7ff453dad675e88cf303377a",
                "sha256:3d47fa203a7bd9c5b6cee4736ee84ca03b8ef23193c0d1ca99b5089f72645c73",
                "sha256:3e4d1f6587322d2788836a99c69062fbb091331ec940e02d12d179c1d53e25fc",
                "sha256:42cb296636fcc8b0644486d15c12376cb9fa75443e00fb25de0b8602e64c1714",
                "sha256:45485e01ff4d3630ec0d9617310448a8702f70e9c01906b0d0118bdf9d124cf2",
                "sha256:4a78b2b446bd7c934f5dcedc588903fb2f5eec172f3d29e52a9096a43722adfc",
                "sha256:4ab2fe47fae9e0f9dee8c04187ce5d09f48eabe611be8259444906793ab7cbce",
                "sha256:4d0d1650369165a14e14e1e47b372cfcb31d6ab44e6e33cb2d4e57265290044d",
                "sha256:549a3a73da901d5bc3ce8d24e0600d1fa85524c10287f6004fbab87672bf3e1e",
                "sha256:55086ee1064215781fff39a1af09518bc9255b50d6333f2e4c74ca09fac6a8f6",
                "sha256:572c3763a264ba47b3cf708a44ce965d98555f618ca42c926a9c1616d8f34269",
                "sha256:573f6eac48f4769d667c4442081b1794f52919e7edada77495aaed9236d13a96",
                "sha256:5b4c145409bef602a690e7cfad0a15a55c13320ff7a3ad7ca59c13bb8ba4d45d",
                "sha256:6463effa3186ea09411d50efc7d85360b38d5f09b870c48e4600f63af490e56a",
                "sha256:65f6f63034100ead094b8744b3b97965785388f308a64cf8d7c34f2f2e5be0c4",
                "sha256:663946639d296df6a2bb2aa51b60a2454ca1cb29835324c640dafb5ff2131a77",
                "sha256:6897af51655e3691ff853668779c7bad41579facacf5fd7253b0133308cf000d",
                "sha256:68d1f8a9e9e37c1223b656399be5d6b448dea850bed7d0f87a8311f1ff3dabb0",
                "sha256:6ac7ffc7ad6d040517be39eb591cac5ff87416c2537df6ba3cba3bae290c0fed",
                "sha256:6b3251890fff30ee142c44144871185dbe13b11bab478a88887a639655be1068",
                "sha256:6c4caeef8fa63d06bd437cd4bdcf3ffefe6738fb1b25951440d80dc7df8c03ac",
                "sha256:6ef1d82a3af9d3eecdba2321dc1b3c238245d890843e040e41e470ffa64c3e25",
                "sha256:753f10e867343b4511128c6ed8c82f7bec3bd026875576dfd88483c5c73b2fd8",
                "sha256:7cd13a2e3ddeed6913a65e66e94b51d80a041145a026c27e6bb76c31a853c6ab",
                "sha256:7ed9e526742851e8d5cc9e6cf41427dfc6068d4f5a3bb03659444b4cabf6bc26",
                "sha256:7f04c839ed0b6b98b1a7501a002144b76c18fb1c1850c8b98d458ac269e26ed2",
                "sha256:802fe99cca7457642125a8a88a084cef28ff0cf9407060f7b93dca5aa25480db",
                "sha256:80402cd6ee291dcb72644d6eac93785fe2c8b9cb30893c1af5b8fdd753b9d40f",
                "sha256:8465322196c8b4d7ab6d1e049e4c5cb460d0394da4a27d23cc242fbf0034b6b5",
                "sha256:86216b5cee4b06df986d214f664305142d9c76df9b6512be2738aa72a2048f99",
                "sha256:87d1351268731db79e0f8e745d92493ee2841c974128ef629dc518b937d9194c",
                "sha256:8bdb58ff7ba23002a4c5808d608e4e6c687175724f54a5dade5fa8c67b604e4d",
                "sha256:8c622a5fe39a48f78944a87d4fb8a53ee07344641b0562c540d840748571b811",
                "sha256:8d756e44e94489e49571086ef83b2bb8ce311e730092d2c34ca8f7d925cb20aa",
                "sha256:8f4a014bc36d3c57402e2977dada34f9c12300af536839dc38c0beab8878f38a",
                "sha256:9063e24fdb1e498ab71cb7419e24622516c4a04476b17a2dab57e8baa30d6e03",
                "sha256:90d558489962fd4918143277a773316e56c72da56ec7aa3dc3dbbe20fdfed15b",
                "sha256:923c0c831b7cfcb071580d3f46c4baf50f174be571576556269530f4bbd79d04",
                "sha256:95f2a5796329323b8f0512e09dbb7a1860c46a39da62ecb2324f116fa8fdc85c",
                "sha256:96b02a3dc4381e5494fad39be677abcb5e6634bf7b4fa83a6dd3112607547001",
                "sha256:9f96df6923e21816da7e0ad3fd47dd8f94b2a5ce594e00677c0013018b813458",
                "sha256:a10af20b82360ab00827f916a6058451b723b4e65030c5a18577c8b2de5b3389",
                "sha256:a50aebfa173e157099939b17f18600f72f84eed3049e743b68ad15bd69b6bf99",
                "sha256:a981a536974bbc7a512cf44ed14938cf01030a99e9b3a06dd59578882f06f985",
                "sha256:a9a8e9031d613fd2009c182b69c7b2c1ef8239a0efb1df3f7c8da66d5dd3d537",
                "sha256:ae5f4161f18c61806f411a13b0310bea87f987c7d2ecdbdaad0e94eb2e404238",
                "sha256:aed38f6e4fb3f5d6bf81bfa990a07806be9d83cf7bacef998ab1a9bd660a581f",
                "sha256:b01b88d45a6fcb69667cd6d2f7a9aeb4bf53760d7fc536bf679ec94fe9f3ff3d",
                "sha256:b261ccdec7821281dade748d088bb6e9b69e6d15b30652b74cbbac25e280b796",
                "sha256:b2b0a0c0517616b6869869f8c581d4eb2dd83a4d79e0ebcb7d373ef9956aeb0a",
                "sha256:b4a23f61ce87adf89be746c8a8974fe1c823c891d8f86eb218bb957c924bb143",
                "sha256:bd8f7df7d12c2db9fab40bdd87a7c09b1530128315d047a086fa3ae3435cb3a8",
                "sha256:beb58fe5cdb101e3a055192ac291b7a21e3b7ef4f67fa1d74e331a7f2124341c",
                "sha256:c002b4ffc0be611f0d9da932eb0f704fe2602a9a949d1f738e4c34c75b0863d5",
                "sha256:c083af607d2515612056a31f0a8d9e0fcb5876b7bfc0abad3ecd275bc4ebc2d5",
                "sha256:c180f51afb394e165eafe4ac2936a14bee3eb10debc9d9e4db8958fe36afe711",
                "sha256:c235ebd9baae02f1b77bcea61bce332cb4331dc3617d254df3323aa01ab47bd4",
                "sha256:cd70574b12bb8a4d2aaa0094515df2463cb429d8536cfb6c7ce983246983e5a6",
                "sha256:d0eccceffcb53201b5bfebb52600a5fb483a20b61da9dbc885f8b103cbe7598c",
                "sha256:d965bba47ddeec8cd560687584e88cf699fd28f192ceb452d1d7ee807c5597b7",
                "sha256:db364eca23f876da6f9e16c9da0df51aa4f104a972735574842618b8c6d999d4",
                "sha256:ddbb2551d7e0102e7252db79ba445cdab71b26640817ab1e3e3648dad515003b",
                "sha256:deb6be0ac38ece9ba87dea880e438f25ca3eddfac8b002a2ec3d9183a454e8ae",
                "sha256:e06ed3eb3218bc64786f7db41917d4e686cc4856944f53d5bdf83a6884432e12",
                "sha256:e27ad930a842b4c5eb8ac0016b0a54f5aebbe679340c26101df33424142c143c",
                "sha256:e537484df0d8f426ce2afb2d0f8e1c3d0b114b83f8850e5f2fbea0e797bd82ae",
                "sha256:eb00ed941194665c332bf8e078baf037d6c35d7c4f3102ea2d4f16ca94a26dc8",
                "sha256:eb6904c354526e758fda7167b33005998fb68c46fbc10e013ca97f21ca5c8887",
                "sha256:eb8821e09e916165e160797a6c17edda0679379a4be5c716c260e836e122f54b",
                "sha256:efcb3f6676480691518c177e3b465bcddf57cea040302f9f4e6e191af91174d4",
                "sha256:f27273b60488abe721a075bcca6d7f3964f9f6f067c8c4c605743023d7d3944f",
                "sha256:f30c3cb33b24454a82faecaf01b19c18562b1e89558fb6c56de4d9118a032fd5",
                "sha256:fb69256e180cb6c8a894fee62b3afebae785babc1ee98b81cdf68bbca1987f33",
                "sha256:fd1abc0d89e30cc4e02e4064dc67fcc51bd941eb395c502aac3ec19fab46b519",
                "sha256:ff8fa367d09b717b2a17a052544193ad76cd49979c805768879cb63d9ca50561"
            ],
            "markers": "python_full_version >= '3.7.0'",
            "version": "==3.3.2"
        },
        "curtsies": {
            "hashes": [
                "sha256:6ebe33215bd7c92851a506049c720cca4cf5c192c1665c1d7a98a04c4702760e",
                "sha256:f24d676a8c4711fb9edba1ab7e6134bc52305a222980b3b717bb303f5e94cec6"
            ],
            "markers": "python_version >= '3.7'",
            "version": "==0.4.2"
        },
        "cwcwidth": {
            "hashes": [
                "sha256:024d1b21e6123bf30a849e60eea3482f556bbd00d39215f86c904e5bd81fc1b6",
                "sha256:03093cac6f8e4326b1c30169e024fe2894f76c6ffddf6464e489bb33cb3a2897",
                "sha256:0633158205b50f253ad04e301156807e309a9fb9479a520418e010da6df13604",
                "sha256:0ddef2c504e6f4fd6122b46d55061f487add1ebb86596ae70ffc2a8b8955c8bc",
                "sha256:167f59c3c1e1d8e231a1abd666af4e73dd8a94917efb6522e9b610ac4587903a",
                "sha256:1bafe978a5b7915848244a952829e3f8757c0cebef581c8250da6064c906c38c",
                "sha256:368ace13080dbaacdc247370d8a965a749b124aa50d0b1b6eb87601826db870f",
                "sha256:3e3c186b5c171d85f2b7f093e7efb33fd9b6e55b791ff75a0f101b18ec0433cd",
                "sha256:40466f16e85c338e8fc3eee87a8c9ca23416cc68b3049f68cb4cead5fb8b71b3",
                "sha256:42de102d5191fc68ef3ff6530f60c4895148ddc21aa0acaaf4612e5f7f0c38c4",
                "sha256:6a5407d0933c3aab8ee92cffd9e4f09010f25af10ebdfa19776748402bba9261",
                "sha256:6c8752815ce4e40e7b34b7fe039276a5fbfb1b077131614381b13ef3b7bb21ff",
                "sha256:704f0d6888aa5e81e76d9f76709385f9f55aca8c450ee82cc722054814a7791f",
                "sha256:711ace9796cb6767ff29095ff5b0ec4619e7297854eb4b91ba99154590eddcc9",
                "sha256:72490e07dfbc599fdf6efe26a13cfbf725f0513b181c3386d65bfd84f6175924",
                "sha256:7d367da5e6fb538388817bf5b2d6dd4db90e5e631d99c34055589d007b5c94bc",
                "sha256:877e48c615b3fec88b7e640f9cf9d96704497657fb5aad2b7c0b0c59ecabff69",
                "sha256:945615a7b8cdcbcd8e06d399f96a2b09440c3a4c5cb3c2d0109f00d80da27a12",
                "sha256:aa6725e7b3571fdf6ce7c02d1dd2d69e00d166bb6df44e46ab215067028b3a03",
                "sha256:ad721d9dbc14eafd06176e4f5594942336b1e813de2a5ab7bd64254393c5713f",
                "sha256:ae17e493ffc18497c2602f8f42a0d8e490ea42ab3ccfbe5e4a6069a6d24f3b36",
                "sha256:afc745f18c9e3c38851a931c0c0a7e479d6494911ba1353f998d707f95a895b4",
                "sha256:b1c3eb0a8c1b25c4a17b6b9bbf7d25ce9df3ea43b6f87903c51bc12434a2cc29",
                "sha256:b4f7d24236ce3c9d3b5e07fd75d232452f19bdddb6ae8bbfdcb97b6cb02835e8",
                "sha256:ba9da6c911bf108334426890bc9f57b839a38e1afc4383a41bd70adbce470db3",
                "sha256:bf71151ae06e95f266bef91392c1562539b2eed847fd1f00f7b5b4ca3fd41a67",
                "sha256:c858842849ce2cfdf207095253da83831d9407771c8073f6b75f24d3faf1a1eb",
                "sha256:ca9a653661e152a426bdb51a272f36bc79f9830e6a7169abe8110ec367c3518c",
                "sha256:cc049ce273f32b632f5ead649b2120f8b2b78035d7b069fdc460c4be9affddb5",
                "sha256:f19d11a0148d4a8cacd064c96e93bca8ce3415a186ae8204038f45e108db76b8",
                "sha256:f6ba88970ec12fdbed5554beb1b9a25d8271fc3d0d9e60639db700a79bed1863",
                "sha256:f6e0e023c4b127c47fd4c44cf537be209b9a28d8725f4f576f4d63744a23aa38",
                "sha256:f8d55c47cbec4796e89cfedc89c52e6c4c2faeb77489a763415b9f76d8fc14db",
                "sha256:f96386cc29e6eef8ef066d7dd3c767c5119d66506dabea20dd344dabb3f2d225",
                "sha256:fdbaf0a8dad20eb685df11a195a2449fe230b08a5b356d036c8d7e59d4128a88",
                "sha256:ffaf706abe400282f299463594d8887566e2a280cd0255110bd4397cc7be2910"
            ],
            "markers": "python_version >= '3.8'",
            "version": "==0.1.9"
        },
        "fsspec": {
            "hashes": [
                "sha256:1d021b0b0f933e3b3029ed808eb400c08ba101ca2de4b3483fbc9ca23fcee94a",
                "sha256:e0fdbc446d67e182f49a70b82cf7889028a63588fde6b222521f10937b2b670c"
            ],
            "markers": "python_version >= '3.8'",
            "version": "==2024.5.0"
        },
        "google-auth": {
            "hashes": [
                "sha256:672dff332d073227550ffc7457868ac4218d6c500b155fe6cc17d2b13602c360",
                "sha256:d452ad095688cd52bae0ad6fafe027f6a6d6f560e810fec20914e17a09526415"
            ],
            "markers": "python_version >= '3.7'",
            "version": "==2.29.0"
        },
        "google-auth-oauthlib": {
            "hashes": [
                "sha256:292d2d3783349f2b0734a0a0207b1e1e322ac193c2c09d8f7c613fb7cc501ea8",
                "sha256:297c1ce4cb13a99b5834c74a1fe03252e1e499716718b190f56bcb9c4abc4faf"
            ],
            "markers": "python_version >= '3.6'",
            "version": "==1.2.0"
        },
        "greenlet": {
            "hashes": [
                "sha256:01bc7ea167cf943b4c802068e178bbf70ae2e8c080467070d01bfa02f337ee67",
                "sha256:0448abc479fab28b00cb472d278828b3ccca164531daab4e970a0458786055d6",
                "sha256:086152f8fbc5955df88382e8a75984e2bb1c892ad2e3c80a2508954e52295257",
                "sha256:098d86f528c855ead3479afe84b49242e174ed262456c342d70fc7f972bc13c4",
                "sha256:149e94a2dd82d19838fe4b2259f1b6b9957d5ba1b25640d2380bea9c5df37676",
                "sha256:1551a8195c0d4a68fac7a4325efac0d541b48def35feb49d803674ac32582f61",
                "sha256:15d79dd26056573940fcb8c7413d84118086f2ec1a8acdfa854631084393efcc",
                "sha256:1996cb9306c8595335bb157d133daf5cf9f693ef413e7673cb07e3e5871379ca",
                "sha256:1a7191e42732df52cb5f39d3527217e7ab73cae2cb3694d241e18f53d84ea9a7",
                "sha256:1ea188d4f49089fc6fb283845ab18a2518d279c7cd9da1065d7a84e991748728",
                "sha256:1f672519db1796ca0d8753f9e78ec02355e862d0998193038c7073045899f305",
                "sha256:2516a9957eed41dd8f1ec0c604f1cdc86758b587d964668b5b196a9db5bfcde6",
                "sha256:2797aa5aedac23af156bbb5a6aa2cd3427ada2972c828244eb7d1b9255846379",
                "sha256:2dd6e660effd852586b6a8478a1d244b8dc90ab5b1321751d2ea15deb49ed414",
                "sha256:3ddc0f794e6ad661e321caa8d2f0a55ce01213c74722587256fb6566049a8b04",
                "sha256:3ed7fb269f15dc662787f4119ec300ad0702fa1b19d2135a37c2c4de6fadfd4a",
                "sha256:419b386f84949bf0e7c73e6032e3457b82a787c1ab4a0e43732898a761cc9dbf",
                "sha256:43374442353259554ce33599da8b692d5aa96f8976d567d4badf263371fbe491",
                "sha256:52f59dd9c96ad2fc0d5724107444f76eb20aaccb675bf825df6435acb7703559",
                "sha256:57e8974f23e47dac22b83436bdcf23080ade568ce77df33159e019d161ce1d1e",
                "sha256:5b51e85cb5ceda94e79d019ed36b35386e8c37d22f07d6a751cb659b180d5274",
                "sha256:649dde7de1a5eceb258f9cb00bdf50e978c9db1b996964cd80703614c86495eb",
                "sha256:64d7675ad83578e3fc149b617a444fab8efdafc9385471f868eb5ff83e446b8b",
                "sha256:68834da854554926fbedd38c76e60c4a2e3198c6fbed520b106a8986445caaf9",
                "sha256:6b66c9c1e7ccabad3a7d037b2bcb740122a7b17a53734b7d72a344ce39882a1b",
                "sha256:70fb482fdf2c707765ab5f0b6655e9cfcf3780d8d87355a063547b41177599be",
                "sha256:7170375bcc99f1a2fbd9c306f5be8764eaf3ac6b5cb968862cad4c7057756506",
                "sha256:73a411ef564e0e097dbe7e866bb2dda0f027e072b04da387282b02c308807405",
                "sha256:77457465d89b8263bca14759d7c1684df840b6811b2499838cc5b040a8b5b113",
                "sha256:7f362975f2d179f9e26928c5b517524e89dd48530a0202570d55ad6ca5d8a56f",
                "sha256:81bb9c6d52e8321f09c3d165b2a78c680506d9af285bfccbad9fb7ad5a5da3e5",
                "sha256:881b7db1ebff4ba09aaaeae6aa491daeb226c8150fc20e836ad00041bcb11230",
                "sha256:894393ce10ceac937e56ec00bb71c4c2f8209ad516e96033e4b3b1de270e200d",
                "sha256:99bf650dc5d69546e076f413a87481ee1d2d09aaaaaca058c9251b6d8c14783f",
                "sha256:9da2bd29ed9e4f15955dd1595ad7bc9320308a3b766ef7f837e23ad4b4aac31a",
                "sha256:afaff6cf5200befd5cec055b07d1c0a5a06c040fe5ad148abcd11ba6ab9b114e",
                "sha256:b1b5667cced97081bf57b8fa1d6bfca67814b0afd38208d52538316e9422fc61",
                "sha256:b37eef18ea55f2ffd8f00ff8fe7c8d3818abd3e25fb73fae2ca3b672e333a7a6",
                "sha256:b542be2440edc2d48547b5923c408cbe0fc94afb9f18741faa6ae970dbcb9b6d",
                "sha256:b7dcbe92cc99f08c8dd11f930de4d99ef756c3591a5377d1d9cd7dd5e896da71",
                "sha256:b7f009caad047246ed379e1c4dbcb8b020f0a390667ea74d2387be2998f58a22",
                "sha256:bba5387a6975598857d86de9eac14210a49d554a77eb8261cc68b7d082f78ce2",
                "sha256:c5e1536de2aad7bf62e27baf79225d0d64360d4168cf2e6becb91baf1ed074f3",
                "sha256:c5ee858cfe08f34712f548c3c363e807e7186f03ad7a5039ebadb29e8c6be067",
                "sha256:c9db1c18f0eaad2f804728c67d6c610778456e3e1cc4ab4bbd5eeb8e6053c6fc",
                "sha256:d353cadd6083fdb056bb46ed07e4340b0869c305c8ca54ef9da3421acbdf6881",
                "sha256:d46677c85c5ba00a9cb6f7a00b2bfa6f812192d2c9f7d9c4f6a55b60216712f3",
                "sha256:d4d1ac74f5c0c0524e4a24335350edad7e5f03b9532da7ea4d3c54d527784f2e",
                "sha256:d73a9fe764d77f87f8ec26a0c85144d6a951a6c438dfe50487df5595c6373eac",
                "sha256:da70d4d51c8b306bb7a031d5cff6cc25ad253affe89b70352af5f1cb68e74b53",
                "sha256:daf3cb43b7cf2ba96d614252ce1684c1bccee6b2183a01328c98d36fcd7d5cb0",
                "sha256:dca1e2f3ca00b84a396bc1bce13dd21f680f035314d2379c4160c98153b2059b",
                "sha256:dd4f49ae60e10adbc94b45c0b5e6a179acc1736cf7a90160b404076ee283cf83",
                "sha256:e1f145462f1fa6e4a4ae3c0f782e580ce44d57c8f2c7aae1b6fa88c0b2efdb41",
                "sha256:e3391d1e16e2a5a1507d83e4a8b100f4ee626e8eca43cf2cadb543de69827c4c",
                "sha256:fcd2469d6a2cf298f198f0487e0a5b1a47a42ca0fa4dfd1b6862c999f018ebbf",
                "sha256:fd096eb7ffef17c456cfa587523c5f92321ae02427ff955bebe9e3c63bc9f0da",
                "sha256:fe754d231288e1e64323cfad462fcee8f0288654c10bdf4f603a39ed923bef33"
            ],
            "markers": "python_version >= '3.7'",
            "version": "==3.0.3"
        },
        "gspread": {
            "hashes": [
                "sha256:345996fbb74051ee574e3d330a375ac625774f289459f73cb1f8b6fb3cf4cac5",
                "sha256:b147688b8c7a18c9835d5f998997ec17c97c0470babcab17f65ac2b3a32402b7"
            ],
            "index": "pypi",
            "markers": "python_version >= '3.8'",
            "version": "==6.1.2"
        },
        "idna": {
            "hashes": [
                "sha256:028ff3aadf0609c1fd278d8ea3089299412a7a8b9bd005dd08b9f8285bcb5cfc",
                "sha256:82fee1fc78add43492d3a1898bfa6d8a904cc97d8427f683ed8e798d07761aa0"
            ],
            "markers": "python_version >= '3.5'",
            "version": "==3.7"
        },
        "jmespath": {
            "hashes": [
                "sha256:02e2e4cc71b5bcab88332eebf907519190dd9e6e82107fa7f83b1003a6252980",
                "sha256:90261b206d6defd58fdd5e85f478bf633a2901798906be2ad389150c5c60edbe"
            ],
            "markers": "python_version >= '3.7'",
            "version": "==1.0.1"
        },
        "joblib": {
            "hashes": [
                "sha256:06d478d5674cbc267e7496a410ee875abd68e4340feff4490bcb7afb88060ae6",
                "sha256:2382c5816b2636fbd20a09e0f4e9dad4736765fdfb7dca582943b9c1366b3f0e"
            ],
            "markers": "python_version >= '3.8'",
            "version": "==1.4.2"
        },
        "numpy": {
            "hashes": [
                "sha256:03a8c78d01d9781b28a6989f6fa1bb2c4f2d51201cf99d3dd875df6fbd96b23b",
                "sha256:08beddf13648eb95f8d867350f6a018a4be2e5ad54c8d8caed89ebca558b2818",
                "sha256:1af303d6b2210eb850fcf03064d364652b7120803a0b872f5211f5234b399f20",
                "sha256:1dda2e7b4ec9dd512f84935c5f126c8bd8b9f2fc001e9f54af255e8c5f16b0e0",
                "sha256:2a02aba9ed12e4ac4eb3ea9421c420301a0c6460d9830d74a9df87efa4912010",
                "sha256:2e4ee3380d6de9c9ec04745830fd9e2eccb3e6cf790d39d7b98ffd19b0dd754a",
                "sha256:3373d5d70a5fe74a2c1bb6d2cfd9609ecf686d47a2d7b1d37a8f3b6bf6003aea",
                "sha256:47711010ad8555514b434df65f7d7b076bb8261df1ca9bb78f53d3b2db02e95c",
                "sha256:4c66707fabe114439db9068ee468c26bbdf909cac0fb58686a42a24de1760c71",
                "sha256:50193e430acfc1346175fcbdaa28ffec49947a06918b7b92130744e81e640110",
                "sha256:52b8b60467cd7dd1e9ed082188b4e6bb35aa5cdd01777621a1658910745b90be",
                "sha256:60dedbb91afcbfdc9bc0b1f3f402804070deed7392c23eb7a7f07fa857868e8a",
                "sha256:62b8e4b1e28009ef2846b4c7852046736bab361f7aeadeb6a5b89ebec3c7055a",
                "sha256:666dbfb6ec68962c033a450943ded891bed2d54e6755e35e5835d63f4f6931d5",
                "sha256:675d61ffbfa78604709862923189bad94014bef562cc35cf61d3a07bba02a7ed",
                "sha256:679b0076f67ecc0138fd2ede3a8fd196dddc2ad3254069bcb9faf9a79b1cebcd",
                "sha256:7349ab0fa0c429c82442a27a9673fc802ffdb7c7775fad780226cb234965e53c",
                "sha256:7ab55401287bfec946ced39700c053796e7cc0e3acbef09993a9ad2adba6ca6e",
                "sha256:7e50d0a0cc3189f9cb0aeb3a6a6af18c16f59f004b866cd2be1c14b36134a4a0",
                "sha256:95a7476c59002f2f6c590b9b7b998306fba6a5aa646b1e22ddfeaf8f78c3a29c",
                "sha256:96ff0b2ad353d8f990b63294c8986f1ec3cb19d749234014f4e7eb0112ceba5a",
                "sha256:9fad7dcb1aac3c7f0584a5a8133e3a43eeb2fe127f47e3632d43d677c66c102b",
                "sha256:9ff0f4f29c51e2803569d7a51c2304de5554655a60c5d776e35b4a41413830d0",
                "sha256:a354325ee03388678242a4d7ebcd08b5c727033fcff3b2f536aea978e15ee9e6",
                "sha256:a4abb4f9001ad2858e7ac189089c42178fcce737e4169dc61321660f1a96c7d2",
                "sha256:ab47dbe5cc8210f55aa58e4805fe224dac469cde56b9f731a4c098b91917159a",
                "sha256:afedb719a9dcfc7eaf2287b839d8198e06dcd4cb5d276a3df279231138e83d30",
                "sha256:b3ce300f3644fb06443ee2222c2201dd3a89ea6040541412b8fa189341847218",
                "sha256:b97fe8060236edf3662adfc2c633f56a08ae30560c56310562cb4f95500022d5",
                "sha256:bfe25acf8b437eb2a8b2d49d443800a5f18508cd811fea3181723922a8a82b07",
                "sha256:cd25bcecc4974d09257ffcd1f098ee778f7834c3ad767fe5db785be9a4aa9cb2",
                "sha256:d209d8969599b27ad20994c8e41936ee0964e6da07478d6c35016bc386b66ad4",
                "sha256:d5241e0a80d808d70546c697135da2c613f30e28251ff8307eb72ba696945764",
                "sha256:edd8b5fe47dab091176d21bb6de568acdd906d1887a4584a15a9a96a1dca06ef",
                "sha256:f870204a840a60da0b12273ef34f7051e98c3b5961b61b0c2c1be6dfd64fbcd3",
                "sha256:ffa75af20b44f8dba823498024771d5ac50620e6915abac414251bd971b4529f"
            ],
            "index": "pypi",
            "markers": "python_version >= '3.9'",
            "version": "==1.26.4"
        },
        "oauthlib": {
            "hashes": [
                "sha256:8139f29aac13e25d502680e9e19963e83f16838d48a0d71c287fe40e7067fbca",
                "sha256:9859c40929662bec5d64f34d01c99e093149682a3f38915dc0655d5a633dd918"
            ],
            "markers": "python_version >= '3.6'",
            "version": "==3.2.2"
        },
        "polars": {
            "hashes": [
                "sha256:438e4c7e24a6d84dbebbe7a652dd818311ed23b7a3da384716b1db0f6d152e2a",
                "sha256:45e0de4839fd45385781f5bc1bf3d53571df16e04aa6722af094d34f689efaf1",
                "sha256:46dd26dd34cf4688025f821ac0591fc7fde24d6468c034228b0f74b76bb1bee3",
                "sha256:79d9789afc33b0618400790f66045e590be61d0f47f45567a63e1b8b76ac0382",
                "sha256:ac94306437435047c7530bb13f8a5a89b22dff18fc9a7d46380ae96eb1a04714",
                "sha256:cd9b4728beb4744d0cfd947d08f5a1ce2cec9529208645e950299a5297b4b0bc"
            ],
            "index": "pypi",
            "markers": "python_version >= '3.8'",
            "version": "==0.20.29"
        },
        "pyasn1": {
            "hashes": [
                "sha256:3a35ab2c4b5ef98e17dfdec8ab074046fbda76e281c5a706ccd82328cfc8f64c",
                "sha256:cca4bb0f2df5504f02f6f8a775b6e416ff9b0b3b16f7ee80b5a3153d9b804473"
            ],
            "markers": "python_version >= '3.8'",
            "version": "==0.6.0"
        },
        "pyasn1-modules": {
            "hashes": [
                "sha256:831dbcea1b177b28c9baddf4c6d1013c24c3accd14a1873fffaa6a2e905f17b6",
                "sha256:be04f15b66c206eed667e0bb5ab27e2b1855ea54a842e5037738099e8ca4ae0b"
            ],
            "markers": "python_version >= '3.8'",
            "version": "==0.4.0"
        },
        "pygments": {
            "hashes": [
                "sha256:786ff802f32e91311bff3889f6e9a86e81505fe99f2735bb6d60ae0c5004f199",
                "sha256:b8e6aca0523f3ab76fee51799c488e38782ac06eafcf95e7ba832985c8e7b13a"
            ],
            "markers": "python_version >= '3.8'",
            "version": "==2.18.0"
        },
        "python-dateutil": {
            "hashes": [
                "sha256:37dd54208da7e1cd875388217d5e00ebd4179249f90fb72437e91a35459a0ad3",
                "sha256:a8b2bc7bffae282281c8140a97d3aa9c14da0b136dfe83f850eea9a5f7470427"
            ],
            "markers": "python_version >= '2.7' and python_version not in '3.0, 3.1, 3.2, 3.3'",
            "version": "==2.9.0.post0"
        },
        "pytz": {
            "hashes": [
                "sha256:2a29735ea9c18baf14b448846bde5a48030ed267578472d8955cd0e7443a9812",
                "sha256:328171f4e3623139da4983451950b28e95ac706e13f3f2630a879749e7a8b319"
            ],
            "index": "pypi",
            "version": "==2024.1"
        },
        "pyxdg": {
            "hashes": [
                "sha256:3267bb3074e934df202af2ee0868575484108581e6f3cb006af1da35395e88b4",
                "sha256:bdaf595999a0178ecea4052b7f4195569c1ff4d344567bccdc12dfdf02d545ab"
            ],
            "version": "==0.28"
        },
        "requests": {
            "hashes": [
                "sha256:55365417734eb18255590a9ff9eb97e9e1da868d4ccd6402399eaf68af20a760",
                "sha256:70761cfe03c773ceb22aa2f671b4757976145175cdfca038c02654d061d6dcc6"
            ],
            "index": "pypi",
            "markers": "python_version >= '3.8'",
            "version": "==2.32.3"
        },
        "requests-oauthlib": {
            "hashes": [
                "sha256:7dd8a5c40426b779b0868c404bdef9768deccf22749cde15852df527e6269b36",
                "sha256:b3dffaebd884d8cd778494369603a9e7b58d29111bf6b41bdc2dcd87203af4e9"
            ],
            "markers": "python_version >= '3.4'",
            "version": "==2.0.0"
        },
        "rsa": {
            "hashes": [
                "sha256:90260d9058e514786967344d0ef75fa8727eed8a7d2e43ce9f4bcf1b536174f7",
                "sha256:e38464a49c6c85d7f1351b0126661487a7e0a14a50f1675ec50eb34d4f20ef21"
            ],
            "markers": "python_version >= '3.6' and python_version < '4'",
            "version": "==4.9"
        },
        "s3fs": {
            "hashes": [
                "sha256:2ca5de8dc18ad7ad350c0bd01aef0406aa5d0fff78a561f0f710f9d9858abdd0",
                "sha256:91c1dfb45e5217bd441a7a560946fe865ced6225ff7eb0fb459fe6e601a95ed3"
            ],
            "index": "pypi",
            "markers": "python_version >= '3.5'",
            "version": "==0.4.2"
        },
        "s3transfer": {
            "hashes": [
                "sha256:5683916b4c724f799e600f41dd9e10a9ff19871bf87623cc8f491cb4f5fa0a19",
                "sha256:ceb252b11bcf87080fb7850a224fb6e05c8a776bab8f2b64b7f25b969464839d"
            ],
            "markers": "python_version >= '3.8'",
            "version": "==0.10.1"
        },
        "scikit-learn": {
            "hashes": [
                "sha256:057b991ac64b3e75c9c04b5f9395eaf19a6179244c089afdebaad98264bff37c",
                "sha256:118a8d229a41158c9f90093e46b3737120a165181a1b58c03461447aa4657415",
                "sha256:12e40ac48555e6b551f0a0a5743cc94cc5a765c9513fe708e01f0aa001da2801",
                "sha256:174beb56e3e881c90424e21f576fa69c4ffcf5174632a79ab4461c4c960315ac",
                "sha256:1b94d6440603752b27842eda97f6395f570941857456c606eb1d638efdb38184",
                "sha256:1f77547165c00625551e5c250cefa3f03f2fc92c5e18668abd90bfc4be2e0bff",
                "sha256:261fe334ca48f09ed64b8fae13f9b46cc43ac5f580c4a605cbb0a517456c8f71",
                "sha256:2a65af2d8a6cce4e163a7951a4cfbfa7fceb2d5c013a4b593686c7f16445cf9d",
                "sha256:2c75ea812cd83b1385bbfa94ae971f0d80adb338a9523f6bbcb5e0b0381151d4",
                "sha256:40fb7d4a9a2db07e6e0cae4dc7bdbb8fada17043bac24104d8165e10e4cff1a2",
                "sha256:460806030c666addee1f074788b3978329a5bfdc9b7d63e7aad3f6d45c67a210",
                "sha256:47132440050b1c5beb95f8ba0b2402bbd9057ce96ec0ba86f2f445dd4f34df67",
                "sha256:4c0c56c3005f2ec1db3787aeaabefa96256580678cec783986836fc64f8ff622",
                "sha256:789e3db01c750ed6d496fa2db7d50637857b451e57bcae863bff707c1247bef7",
                "sha256:855fc5fa8ed9e4f08291203af3d3e5fbdc4737bd617a371559aaa2088166046e",
                "sha256:a03b09f9f7f09ffe8c5efffe2e9de1196c696d811be6798ad5eddf323c6f4d40",
                "sha256:a3a10e1d9e834e84d05e468ec501a356226338778769317ee0b84043c0d8fb06",
                "sha256:a90c5da84829a0b9b4bf00daf62754b2be741e66b5946911f5bdfaa869fcedd6",
                "sha256:d82c2e573f0f2f2f0be897e7a31fcf4e73869247738ab8c3ce7245549af58ab8",
                "sha256:df8ccabbf583315f13160a4bb06037bde99ea7d8211a69787a6b7c5d4ebb6fc3",
                "sha256:f405c4dae288f5f6553b10c4ac9ea7754d5180ec11e296464adb5d6ac68b6ef5"
            ],
            "index": "pypi",
            "markers": "python_version >= '3.9'",
            "version": "==1.5.0"
        },
        "scipy": {
            "hashes": [
                "sha256:017367484ce5498445aade74b1d5ab377acdc65e27095155e448c88497755a5d",
                "sha256:095a87a0312b08dfd6a6155cbbd310a8c51800fc931b8c0b84003014b874ed3c",
                "sha256:20335853b85e9a49ff7572ab453794298bcf0354d8068c5f6775a0eabf350aca",
                "sha256:27e52b09c0d3a1d5b63e1105f24177e544a222b43611aaf5bc44d4a0979e32f9",
                "sha256:2831f0dc9c5ea9edd6e51e6e769b655f08ec6db6e2e10f86ef39bd32eb11da54",
                "sha256:2ac65fb503dad64218c228e2dc2d0a0193f7904747db43014645ae139c8fad16",
                "sha256:392e4ec766654852c25ebad4f64e4e584cf19820b980bc04960bca0b0cd6eaa2",
                "sha256:436bbb42a94a8aeef855d755ce5a465479c721e9d684de76bf61a62e7c2b81d5",
                "sha256:45484bee6d65633752c490404513b9ef02475b4284c4cfab0ef946def50b3f59",
                "sha256:54f430b00f0133e2224c3ba42b805bfd0086fe488835effa33fa291561932326",
                "sha256:5713f62f781eebd8d597eb3f88b8bf9274e79eeabf63afb4a737abc6c84ad37b",
                "sha256:5d72782f39716b2b3509cd7c33cdc08c96f2f4d2b06d51e52fb45a19ca0c86a1",
                "sha256:637e98dcf185ba7f8e663e122ebf908c4702420477ae52a04f9908707456ba4d",
                "sha256:8335549ebbca860c52bf3d02f80784e91a004b71b059e3eea9678ba994796a24",
                "sha256:949ae67db5fa78a86e8fa644b9a6b07252f449dcf74247108c50e1d20d2b4627",
                "sha256:a014c2b3697bde71724244f63de2476925596c24285c7a637364761f8710891c",
                "sha256:a78b4b3345f1b6f68a763c6e25c0c9a23a9fd0f39f5f3d200efe8feda560a5fa",
                "sha256:cdd7dacfb95fea358916410ec61bbc20440f7860333aee6d882bb8046264e949",
                "sha256:cfa31f1def5c819b19ecc3a8b52d28ffdcc7ed52bb20c9a7589669dd3c250989",
                "sha256:d533654b7d221a6a97304ab63c41c96473ff04459e404b83275b60aa8f4b7004",
                "sha256:d605e9c23906d1994f55ace80e0125c587f96c020037ea6aa98d01b4bd2e222f",
                "sha256:de3ade0e53bc1f21358aa74ff4830235d716211d7d077e340c7349bc3542e884",
                "sha256:e89369d27f9e7b0884ae559a3a956e77c02114cc60a6058b4e5011572eea9299",
                "sha256:eccfa1906eacc02de42d70ef4aecea45415f5be17e72b61bafcfd329bdc52e94",
                "sha256:f26264b282b9da0952a024ae34710c2aff7d27480ee91a2e82b7b7073c24722f"
            ],
            "markers": "python_version >= '3.9'",
            "version": "==1.13.1"
        },
        "six": {
            "hashes": [
                "sha256:1e61c37477a1626458e36f7b1d82aa5c9b094fa4802892072e49de9c60c4c926",
                "sha256:8abb2f1d86890a2dfb989f9a77cfcfd3e47c2a354b01111771326f8aa26e0254"
            ],
            "markers": "python_version >= '2.7' and python_version not in '3.0, 3.1, 3.2, 3.3'",
            "version": "==1.16.0"
        },
        "threadpoolctl": {
            "hashes": [
                "sha256:082433502dd922bf738de0d8bcc4fdcbf0979ff44c42bd40f5af8a282f6fa107",
                "sha256:56c1e26c150397e58c4926da8eeee87533b1e32bef131bd4bf6a2f45f3185467"
            ],
            "markers": "python_version >= '3.8'",
            "version": "==3.5.0"
        },
        "urllib3": {
            "hashes": [
                "sha256:450b20ec296a467077128bff42b73080516e71b56ff59a60a02bef2232c4fa9d",
                "sha256:d0570876c61ab9e520d776c38acbbb5b05a776d3f9ff98a5c8fd5162a444cf19"
            ],
            "markers": "python_version >= '3.8'",
            "version": "==2.2.1"
        },
        "wcwidth": {
            "hashes": [
                "sha256:3da69048e4540d84af32131829ff948f1e022c1c6bdb8d6102117aac784f6859",
                "sha256:72ea0c06399eb286d978fdedb6923a9eb47e1c486ce63e9b4e64fc18303972b5"
            ],
            "version": "==0.2.13"
        },
        "xlsxwriter": {
            "hashes": [
                "sha256:9977d0c661a72866a61f9f7a809e25ebbb0fb7036baa3b9fe74afcfca6b3cb8c",
                "sha256:ecfd5405b3e0e228219bcaf24c2ca0915e012ca9464a14048021d21a995d490e"
            ],
            "index": "pypi",
            "markers": "python_version >= '3.6'",
            "version": "==3.2.0"
        }
    },
    "develop": {
        "guppy3": {
            "hashes": [
                "sha256:048e3486ef49a03c03631decd6983b1d6aad5d1d58ad1f21c43e4f71081e4d1f",
                "sha256:05648b88601d57d6f9cadb38e0327833cba50f466381df16a8dacc54fa71ed4e",
                "sha256:07e83fafd29e710d62e5955b72ee3358631b6dc43fa5258c2b72089a1f25f38c",
                "sha256:0c7c106a6b3a953564def5c1e0f284e2f0caae6179118dcfda62aa0b66b5a3d8",
                "sha256:1513a37d9b2d0136476c5556607ea1c09064cf8bb59cd283e09dd43f20cab7b9",
                "sha256:19538617df810327b50a8f32cc5407e71f7bea23cfc33644df6716f4cd92e025",
                "sha256:1dcc9f902241be2b49ef137ea537e229fa328108a2decc6e5ace8a535fc2a9d4",
                "sha256:243306e963af0a635dfa0db74ac72718fcf5dd7b12470c6a64d7c60a38c6f83d",
                "sha256:277df2c20fc10f21ef46664a074e4de109946b5e7b8e1c324132d1aa83810d85",
                "sha256:27f0ea65f8e6dc1049ab58aa849fe1b0989a1b2973e59afdf6a7493ca1d85aef",
                "sha256:2885792236b57d7f818bcea59b0f3bb3c0110a0215afc5969e975b86d3c93522",
                "sha256:2bdeeb7fdd090a6e28dc065d7b4e4e64ed82dade4dd75399885c911429d9ffd0",
                "sha256:30ea6053ca7facf4d50e1afbb5de65b896c88fe6d0dac3a9ea1e8515f251cf6b",
                "sha256:32f2f67c701a089d44058f33ae20d75d50565b5a8bfe9ac43690f7de60103e28",
                "sha256:35ab90260b5d73a1fbd074f1c35c8ceb6032c21ff352629affe807beba5c857e",
                "sha256:3a444df0e5c106bc38cc5756f4e3191bc10ff5829edd72e20157c70ed4990128",
                "sha256:3b4c1c829fc5c98e7847ea2fcd07111886899b282a2fdb7b7b9d70d87457cbd5",
                "sha256:3d1c897fa9f98255abd2d42b166b4fa968f25080983d03b20a479ae9f8c9d2d8",
                "sha256:41f6183533990da45b278638a542eef8fbe53d277edd48fafd1c1bc1257ebb15",
                "sha256:421fea4dcee5967bc2ea3377b7ef9e63f6ac170063f9365da852fc1b191b75a6",
                "sha256:4a062aeb5987374b4fcde23cf8d4659e6cbc00944cfc013bba5a0180c74364c9",
                "sha256:4c05ce2c5cc88ec3d4ab346dce10a62877198c1cd9f10afa8217c41a2e5dc792",
                "sha256:4df2952c69564293f54f4b6105f550c3f28850d32a7f6462fa5390e8ff79fc17",
                "sha256:4f7260803d76799d33785512bfa915d8db82cc3a7dee392985e89aec3763da9d",
                "sha256:515d0ec284fe501f307febdbb0187acd9e20eaec594f3ac861f266143f7790c4",
                "sha256:52f6bcfee990c175571252aeeef5e91c1cdd1451ce23fb34f1d4766adb69c152",
                "sha256:53a069bc8e300ea6b141364f20027b00227dc839c9682ca40a1a4e7438598d06",
                "sha256:585cd10e9701fe8d7255a24c36c39fad8b184a5fe26bd10c9ed53c370c88a2ab",
                "sha256:5ba343706d7aff096f2badd26201dd1855e3134c1abec57da2c1d5f26c45cf69",
                "sha256:5be82424fa15f4888c168c6b947fcfa46b557e71e151084d46cac01f08790282",
                "sha256:5d7948d60f92fcdec9da290509b3a9cea12c6830652425483118326a5edec31d",
                "sha256:60a8acc5213cc74718b2e4afda7a8903f718cba4cf95e53c27e3086faa1a3d27",
                "sha256:622779aea252099c23fb9bf2497af54ae24ba34add858f4f68f6a4d67c003804",
                "sha256:64ac62c1a1ae4c536314df943c84491e11cb4eee226b5da0abfd7fe0e632c161",
                "sha256:66d34779d137e347751914aaaffd7603d90f403d1fd4689dc0c3aeffc202d1a5",
                "sha256:74b452234bd7ff021a574b27dd1a3beb40921f70efb6c7ce72888ae22f07b0b4",
                "sha256:75b0fa18775a9dbd91003530755134f29c29878f711e2b5dcbcaa964359eaf20",
                "sha256:78b51dff6e898f67422b1265ce08b3646962ed10dc7f1f808da58250a1548d88",
                "sha256:7da7f720e2089c7e552677545f23e4d27a4f868b895569cc8a809e1b9da738d4",
                "sha256:801cbd0d6a45ba8cacb6e4aa68c5f020a3588461f29d971c19f3cb5e5da239d7",
                "sha256:807ffbb980de247a5e12d76893a6fd66d871f39c3335047155e82490e48263e2",
                "sha256:80d3b4002f202a989175883c443c403ef27bb9cafb261fc502468fc668426b02",
                "sha256:8250a688b2139a074aeadb457d78771b4a2bfdb49370eca11fd1fc7639d84b33",
                "sha256:82595c561959002a5c6441df56c92eee6677f9d946f94b22ef9f63a9a11b5333",
                "sha256:83355cb6c152f143c5d8a6352e06e05a31bd39c39dda57584a3b20a9c840ebc4",
                "sha256:8576a4e40a2528e7f3dec24be71a5ef2b250466013939fc3a29c89553668bad2",
                "sha256:85e400e3797ad74edfe30d76a143feec0ed24653ff67b9e459dd98601f243486",
                "sha256:85e6766a0c652b1c5ca5dcfa08fc935db5d4b632651c45084750ce317a4f27ba",
                "sha256:8df274703deb8ad8632d7660e97b7ac80927df29762bce4e5d6812c468f46cde",
                "sha256:92b18373a5a89d28d294c15c71af5ae609e29563822055fa4d6fd631b96d66fd",
                "sha256:94a31d5c01b0c8ec4d92d880e532a55c7f188a57ccc2923d83f9fe20a6bfd47c",
                "sha256:a03a4c409997a71fb1fed7c384fda932fc90b6cd7fdaf5222428f6cc4238c236",
                "sha256:a6d47d6a5807abde37edc917e31713ca535177f28c986162749ba85d53baac40",
                "sha256:b54a9e5b8e1c811817855e4f2b42c31dadcf2dded8813b011df58732a94ea6cf",
                "sha256:b5bed9613e512b45434aa24a0b593ff377c839b5b7ea81f6c3b95e170ddf3a03",
                "sha256:b8ece18faa5f90ed3372bb60cd419bbe50f84c614c89d0d2ec4c6e044de02f5a",
                "sha256:b9727bdbc63c6768e68eb983cc61b3c30c26f28104a14f64af9869dcc1861ef7",
                "sha256:c0b714f8e60b20fa7a3482e96d53efc7d8b95d8749ebf5840aec28b60c278ca1",
                "sha256:c27f7a6446480cab89156fea230fd2cc8c293099dc4cd350ff581931a0d73c58",
                "sha256:c57997e046e2ea191411968f58b549d69d687987d3d4d7d42f6e972641c3545f",
                "sha256:ca6db9427792c2ccb9a5c3e4ef4e64e10269b74a796953aa95d1f8d51e7aa605",
                "sha256:cf2735675a5b97c227c886db7e4100e02141f2351392532db4bad745deac377e",
                "sha256:cf2a348b272385ebb2d75c43c3948b653f9156ee4586146e6842581bdbacffaa",
                "sha256:d63abd52ec2355825bae9a9df0d4c442c6ff3e47e91762931ed9d597e1b81862",
                "sha256:dd5949c890c954b946469ac8d8c9393a9b26df3555508c66b57a994a12f0a949",
                "sha256:de35189ab21f975eccdd73621a35e993a2d6adf13ccf52427180a674cfcb4c18",
                "sha256:e198a08b652c4d2013ab54f15d9f51c11b3c4582533c586d36e251f5151e16b0",
                "sha256:e51d795e6f3ca2d75c5c9cb29907b175d04b28ef6bbbcc419fe1a004513dcd7d",
                "sha256:e83a0ccea6421bb1c1f72d469ea1ae9fdab57814e59174234083c3eea96be5eb",
                "sha256:e8923e56ef7c33d9f212d7c08a83ec33a0fc2ff2b91e260778abeb312adc3107",
                "sha256:ee216e15b6dc1379fe4f60c0ae2fe55236e93ebf71c42fb4d8b2a617625af9f7",
                "sha256:f03f4da27cdd87e322d90f7368cae5ad09990b1522f6775f1daa81d142d534f6",
                "sha256:f21835b609aa88dd25da59e820ccfec0e104d8014a6db7647e8c81e31811849e",
                "sha256:f44fe0396a5b426780ecd7fafc2c5512886d4c982471d1657cbebd431c5cf4d6",
                "sha256:f649eb24a12d1d7b1d438001c5d741c4b4b68baa2ee569436f77386945727841",
                "sha256:f7ea0c9bf0791925b236aea2882b1ca9d8aa56bf5e9cf2408567cceec3a88587",
                "sha256:fa78c57420b8d624af16573dd4da570ebb420a3af474b30bd716f4f1a1933824",
                "sha256:fc2ddbf6d90fc06d86e0405a2aef139c2152f322a0104be918467a96b467fa67",
                "sha256:fe4c29aab53d4729d349dc65b5ec1bfbf84ca693af8d135a5b33382c910c03d7",
                "sha256:ffed8de8bc7bfb36ba88303ebb7473fd7ad95c01a6f055daa13a28dc2b807c37"
            ],
            "index": "pypi",
            "markers": "python_version >= '3.8'",
            "version": "==3.1.4.post1"
        }
    }
}
